
Microsoft Visual Studio Solution File, Format Version 12.00
# Visual Studio 2013
VisualStudioVersion = 12.0.21005.1
MinimumVisualStudioVersion = 10.0.40219.1
Project("{FAE04EC0-301F-11D3-BF4B-00C04F79EFBC}") = "MultipleForms", "MultipleForms\MultipleForms.csproj", "{DACCD8A6-5466-47FE-94FF-AA628C1EF8DA}"
EndProject
Project("{FAE04EC0-301F-11D3-BF4B-00C04F79EFBC}") = "MultipleFormsClassLibrary", "MultipleFormsClassLibrary\MultipleFormsClassLibrary.csproj", "{3B4AC2AA-9112-4B14-BD67-6CD1A983F12E}"
EndProject
Global
	GlobalSection(SolutionConfigurationPlatforms) = preSolution
		Debug|Any CPU = Debug|Any CPU
		Release|Any CPU = Release|Any CPU
	EndGlobalSection
	GlobalSection(ProjectConfigurationPlatforms) = postSolution
		{DACCD8A6-5466-47FE-94FF-AA628C1EF8DA}.Debug|Any CPU.ActiveCfg = Debug|Any CPU
		{DACCD8A6-5466-47FE-94FF-AA628C1EF8DA}.Debug|Any CPU.Build.0 = Debug|Any CPU
		{DACCD8A6-5466-47FE-94FF-AA628C1EF8DA}.Release|Any CPU.ActiveCfg = Release|Any CPU
		{DACCD8A6-5466-47FE-94FF-AA628C1EF8DA}.Release|Any CPU.Build.0 = Release|Any CPU
		{3B4AC2AA-9112-4B14-BD67-6CD1A983F12E}.Debug|Any CPU.ActiveCfg = Debug|Any CPU
		{3B4AC2AA-9112-4B14-BD67-6CD1A983F12E}.Debug|Any CPU.Build.0 = Debug|Any CPU
		{3B4AC2AA-9112-4B14-BD67-6CD1A983F12E}.Release|Any CPU.ActiveCfg = Release|Any CPU
		{3B4AC2AA-9112-4B14-BD67-6CD1A983F12E}.Release|Any CPU.Build.0 = Release|Any CPU
	EndGlobalSection
	GlobalSection(SolutionProperties) = preSolution
		HideSolutionNode = FALSE
	EndGlobalSection
EndGlobal
